
Microsoft Visual Studio Solution File, Format Version 12.00
# Visual Studio 15
VisualStudioVersion = 15.0.28307.329
MinimumVisualStudioVersion = 10.0.40219.1
Project("{FAE04EC0-301F-11D3-BF4B-00C04F79EFBC}") = "WpfAppPatVersiebeheer", "WpfAppPatVersiebeheer\WpfAppPatVersiebeheer.csproj", "{1015555B-D9B8-465D-85A0-9CDDE47E6BAD}"
EndProject
Global
	GlobalSection(SolutionConfigurationPlatforms) = preSolution
		Debug|Any CPU = Debug|Any CPU
		Release|Any CPU = Release|Any CPU
	EndGlobalSection
	GlobalSection(ProjectConfigurationPlatforms) = postSolution
		{1015555B-D9B8-465D-85A0-9CDDE47E6BAD}.Debug|Any CPU.ActiveCfg = Debug|Any CPU
		{1015555B-D9B8-465D-85A0-9CDDE47E6BAD}.Debug|Any CPU.Build.0 = Debug|Any CPU
		{1015555B-D9B8-465D-85A0-9CDDE47E6BAD}.Release|Any CPU.ActiveCfg = Release|Any CPU
		{1015555B-D9B8-465D-85A0-9CDDE47E6BAD}.Release|Any CPU.Build.0 = Release|Any CPU
	EndGlobalSection
	GlobalSection(SolutionProperties) = preSolution
		HideSolutionNode = FALSE
	EndGlobalSection
	GlobalSection(ExtensibilityGlobals) = postSolution
		SolutionGuid = {FB677573-A266-47EF-9937-B87A783D8912}
	EndGlobalSection
EndGlobal
